// !$*UTF8*$!
{
	archiveVersion = 1;
	classes = {
	};
	objectVersion = 50;
	objects = {

/* Begin PBXBuildFile section */
		16F6916A25E4B8C7001663E0 /* AppDelegate.swift in Sources */ = {isa = PBXBuildFile; fileRef = 16F6916925E4B8C7001663E0 /* AppDelegate.swift */; };
		16F6916C25E4B8C7001663E0 /* SceneDelegate.swift in Sources */ = {isa = PBXBuildFile; fileRef = 16F6916B25E4B8C7001663E0 /* SceneDelegate.swift */; };
		16F6916E25E4B8C7001663E0 /* ViewController.swift in Sources */ = {isa = PBXBuildFile; fileRef = 16F6916D25E4B8C7001663E0 /* ViewController.swift */; };
		16F6917125E4B8C7001663E0 /* Main.storyboard in Resources */ = {isa = PBXBuildFile; fileRef = 16F6916F25E4B8C7001663E0 /* Main.storyboard */; };
		16F6917425E4B8C7001663E0 /* XChat.xcdatamodeld in Sources */ = {isa = PBXBuildFile; fileRef = 16F6917225E4B8C7001663E0 /* XChat.xcdatamodeld */; };
		16F6917625E4B8C9001663E0 /* Assets.xcassets in Resources */ = {isa = PBXBuildFile; fileRef = 16F6917525E4B8C9001663E0 /* Assets.xcassets */; };
		16F6917925E4B8C9001663E0 /* LaunchScreen.storyboard in Resources */ = {isa = PBXBuildFile; fileRef = 16F6917725E4B8C9001663E0 /* LaunchScreen.storyboard */; };
		16F6918425E4B8C9001663E0 /* XChatTests.swift in Sources */ = {isa = PBXBuildFile; fileRef = 16F6918325E4B8C9001663E0 /* XChatTests.swift */; };
		16F6918F25E4B8C9001663E0 /* XChatUITests.swift in Sources */ = {isa = PBXBuildFile; fileRef = 16F6918E25E4B8C9001663E0 /* XChatUITests.swift */; };
/* End PBXBuildFile section */

/* Begin PBXContainerItemProxy section */
		16F6918025E4B8C9001663E0 /* PBXContainerItemProxy */ = {
			isa = PBXContainerItemProxy;
			containerPortal = 16F6915E25E4B8C7001663E0 /* Project object */;
			proxyType = 1;
			remoteGlobalIDString = 16F6916525E4B8C7001663E0;
			remoteInfo = XChat;
		};
		16F6918B25E4B8C9001663E0 /* PBXContainerItemProxy */ = {
			isa = PBXContainerItemProxy;
			containerPortal = 16F6915E25E4B8C7001663E0 /* Project object */;
			proxyType = 1;
			remoteGlobalIDString = 16F6916525E4B8C7001663E0;
			remoteInfo = XChat;
		};
/* End PBXContainerItemProxy section */

/* Begin PBXFileReference section */
		16F6916625E4B8C7001663E0 /* XChat.app */ = {isa = PBXFileReference; explicitFileType = wrapper.application; includeInIndex = 0; path = XChat.app; sourceTree = BUILT_PRODUCTS_DIR; };
		16F6916925E4B8C7001663E0 /* AppDelegate.swift */ = {isa = PBXFileReference; lastKnownFileType = sourcecode.swift; path = AppDelegate.swift; sourceTree = "<group>"; };
		16F6916B25E4B8C7001663E0 /* SceneDelegate.swift */ = {isa = PBXFileReference; lastKnownFileType = sourcecode.swift; path = SceneDelegate.swift; sourceTree = "<group>"; };
		16F6916D25E4B8C7001663E0 /* ViewController.swift */ = {isa = PBXFileReference; lastKnownFileType = sourcecode.swift; path = ViewController.swift; sourceTree = "<group>"; };
		16F6917025E4B8C7001663E0 /* Base */ = {isa = PBXFileReference; lastKnownFileType = file.storyboard; name = Base; path = Base.lproj/Main.storyboard; sourceTree = "<group>"; };
		16F6917325E4B8C7001663E0 /* XChat.xcdatamodel */ = {isa = PBXFileReference; lastKnownFileType = wrapper.xcdatamodel; path = XChat.xcdatamodel; sourceTree = "<group>"; };
		16F6917525E4B8C9001663E0 /* Assets.xcassets */ = {isa = PBXFileReference; lastKnownFileType = folder.assetcatalog; path = Assets.xcassets; sourceTree = "<group>"; };
		16F6917825E4B8C9001663E0 /* Base */ = {isa = PBXFileReference; lastKnownFileType = file.storyboard; name = Base; path = Base.lproj/LaunchScreen.storyboard; sourceTree = "<group>"; };
		16F6917A25E4B8C9001663E0 /* Info.plist */ = {isa = PBXFileReference; lastKnownFileType = text.plist.xml; path = Info.plist; sourceTree = "<group>"; };
		16F6917F25E4B8C9001663E0 /* XChatTests.xctest */ = {isa = PBXFileReference; explicitFileType = wrapper.cfbundle; includeInIndex = 0; path = XChatTests.xctest; sourceTree = BUILT_PRODUCTS_DIR; };
		16F6918325E4B8C9001663E0 /* XChatTests.swift */ = {isa = PBXFileReference; lastKnownFileType = sourcecode.swift; path = XChatTests.swift; sourceTree = "<group>"; };
		16F6918525E4B8C9001663E0 /* Info.plist */ = {isa = PBXFileReference; lastKnownFileType = text.plist.xml; path = Info.plist; sourceTree = "<group>"; };
		16F6918A25E4B8C9001663E0 /* XChatUITests.xctest */ = {isa = PBXFileReference; explicitFileType = wrapper.cfbundle; includeInIndex = 0; path = XChatUITests.xctest; sourceTree = BUILT_PRODUCTS_DIR; };
		16F6918E25E4B8C9001663E0 /* XChatUITests.swift */ = {isa = PBXFileReference; lastKnownFileType = sourcecode.swift; path = XChatUITests.swift; sourceTree = "<group>"; };
		16F6919025E4B8C9001663E0 /* Info.plist */ = {isa = PBXFileReference; lastKnownFileType = text.plist.xml; path = Info.plist; sourceTree = "<group>"; };
/* End PBXFileReference section */

/* Begin PBXFrameworksBuildPhase section */
		16F6916325E4B8C7001663E0 /* Frameworks */ = {
			isa = PBXFrameworksBuildPhase;
			buildActionMask = 2147483647;
			files = (
			);
			runOnlyForDeploymentPostprocessing = 0;
		};
		16F6917C25E4B8C9001663E0 /* Frameworks */ = {
			isa = PBXFrameworksBuildPhase;
			buildActionMask = 2147483647;
			files = (
			);
			runOnlyForDeploymentPostprocessing = 0;
		};
		16F6918725E4B8C9001663E0 /* Frameworks */ = {
			isa = PBXFrameworksBuildPhase;
			buildActionMask = 2147483647;
			files = (
			);
			runOnlyForDeploymentPostprocessing = 0;
		};
/* End PBXFrameworksBuildPhase section */

/* Begin PBXGroup section */
		16F6915D25E4B8C7001663E0 = {
			isa = PBXGroup;
			children = (
				16F6916825E4B8C7001663E0 /* XChat */,
				16F6918225E4B8C9001663E0 /* XChatTests */,
				16F6918D25E4B8C9001663E0 /* XChatUITests */,
				16F6916725E4B8C7001663E0 /* Products */,
			);
			sourceTree = "<group>";
		};
		16F6916725E4B8C7001663E0 /* Products */ = {
			isa = PBXGroup;
			children = (
				16F6916625E4B8C7001663E0 /* XChat.app */,
				16F6917F25E4B8C9001663E0 /* XChatTests.xctest */,
				16F6918A25E4B8C9001663E0 /* XChatUITests.xctest */,
			);
			name = Products;
			sourceTree = "<group>";
		};
		16F6916825E4B8C7001663E0 /* XChat */ = {
			isa = PBXGroup;
			children = (
				16F6916925E4B8C7001663E0 /* AppDelegate.swift */,
				16F6916B25E4B8C7001663E0 /* SceneDelegate.swift */,
				16F6916D25E4B8C7001663E0 /* ViewController.swift */,
				16F6916F25E4B8C7001663E0 /* Main.storyboard */,
				16F6917525E4B8C9001663E0 /* Assets.xcassets */,
				16F6917725E4B8C9001663E0 /* LaunchScreen.storyboard */,
				16F6917A25E4B8C9001663E0 /* Info.plist */,
				16F6917225E4B8C7001663E0 /* XChat.xcdatamodeld */,
			);
			path = XChat;
			sourceTree = "<group>";
		};
		16F6918225E4B8C9001663E0 /* XChatTests */ = {
			isa = PBXGroup;
			children = (
				16F6918325E4B8C9001663E0 /* XChatTests.swift */,
				16F6918525E4B8C9001663E0 /* Info.plist */,
			);
			path = XChatTests;
			sourceTree = "<group>";
		};
		16F6918D25E4B8C9001663E0 /* XChatUITests */ = {
			isa = PBXGroup;
			children = (
				16F6918E25E4B8C9001663E0 /* XChatUITests.swift */,
				16F6919025E4B8C9001663E0 /* Info.plist */,
			);
			path = XChatUITests;
			sourceTree = "<group>";
		};
/* End PBXGroup section */

/* Begin PBXNativeTarget section */
		16F6916525E4B8C7001663E0 /* XChat */ = {
			isa = PBXNativeTarget;
			buildConfigurationList = 16F6919325E4B8C9001663E0 /* Build configuration list for PBXNativeTarget "XChat" */;
			buildPhases = (
				16F6916225E4B8C7001663E0 /* Sources */,
				16F6916325E4B8C7001663E0 /* Frameworks */,
				16F6916425E4B8C7001663E0 /* Resources */,
			);
			buildRules = (
			);
			dependencies = (
			);
			name = XChat;
			productName = XChat;
			productReference = 16F6916625E4B8C7001663E0 /* XChat.app */;
			productType = "com.apple.product-type.application";
		};
		16F6917E25E4B8C9001663E0 /* XChatTests */ = {
			isa = PBXNativeTarget;
			buildConfigurationList = 16F6919625E4B8C9001663E0 /* Build configuration list for PBXNativeTarget "XChatTests" */;
			buildPhases = (
				16F6917B25E4B8C9001663E0 /* Sources */,
				16F6917C25E4B8C9001663E0 /* Frameworks */,
				16F6917D25E4B8C9001663E0 /* Resources */,
			);
			buildRules = (
			);
			dependencies = (
				16F6918125E4B8C9001663E0 /* PBXTargetDependency */,
			);
			name = XChatTests;
			productName = XChatTests;
			productReference = 16F6917F25E4B8C9001663E0 /* XChatTests.xctest */;
			productType = "com.apple.product-type.bundle.unit-test";
		};
		16F6918925E4B8C9001663E0 /* XChatUITests */ = {
			isa = PBXNativeTarget;
			buildConfigurationList = 16F6919925E4B8C9001663E0 /* Build configuration list for PBXNativeTarget "XChatUITests" */;
			buildPhases = (
				16F6918625E4B8C9001663E0 /* Sources */,
				16F6918725E4B8C9001663E0 /* Frameworks */,
				16F6918825E4B8C9001663E0 /* Resources */,
			);
			buildRules = (
			);
			dependencies = (
				16F6918C25E4B8C9001663E0 /* PBXTargetDependency */,
			);
			name = XChatUITests;
			productName = XChatUITests;
			productReference = 16F6918A25E4B8C9001663E0 /* XChatUITests.xctest */;
			productType = "com.apple.product-type.bundle.ui-testing";
		};
/* End PBXNativeTarget section */

/* Begin PBXProject section */
		16F6915E25E4B8C7001663E0 /* Project object */ = {
			isa = PBXProject;
			attributes = {
				LastSwiftUpdateCheck = 1210;
				LastUpgradeCheck = 1210;
				TargetAttributes = {
					16F6916525E4B8C7001663E0 = {
						CreatedOnToolsVersion = 12.1;
					};
					16F6917E25E4B8C9001663E0 = {
						CreatedOnToolsVersion = 12.1;
						TestTargetID = 16F6916525E4B8C7001663E0;
					};
					16F6918925E4B8C9001663E0 = {
						CreatedOnToolsVersion = 12.1;
						TestTargetID = 16F6916525E4B8C7001663E0;
					};
				};
			};
			buildConfigurationList = 16F6916125E4B8C7001663E0 /* Build configuration list for PBXProject "XChat" */;
			compatibilityVersion = "Xcode 9.3";
			developmentRegion = en;
			hasScannedForEncodings = 0;
			knownRegions = (
				en,
				Base,
			);
			mainGroup = 16F6915D25E4B8C7001663E0;
			productRefGroup = 16F6916725E4B8C7001663E0 /* Products */;
			projectDirPath = "";
			projectRoot = "";
			targets = (
				16F6916525E4B8C7001663E0 /* XChat */,
				16F6917E25E4B8C9001663E0 /* XChatTests */,
				16F6918925E4B8C9001663E0 /* XChatUITests */,
			);
		};
/* End PBXProject section */

/* Begin PBXResourcesBuildPhase section */
		16F6916425E4B8C7001663E0 /* Resources */ = {
			isa = PBXResourcesBuildPhase;
			buildActionMask = 2147483647;
			files = (
				16F6917925E4B8C9001663E0 /* LaunchScreen.storyboard in Resources */,
				16F6917625E4B8C9001663E0 /* Assets.xcassets in Resources */,
				16F6917125E4B8C7001663E0 /* Main.storyboard in Resources */,
			);
			runOnlyForDeploymentPostprocessing = 0;
		};
		16F6917D25E4B8C9001663E0 /* Resources */ = {
			isa = PBXResourcesBuildPhase;
			buildActionMask = 2147483647;
			files = (
			);
			runOnlyForDeploymentPostprocessing = 0;
		};
		16F6918825E4B8C9001663E0 /* Resources */ = {
			isa = PBXResourcesBuildPhase;
			buildActionMask = 2147483647;
			files = (
			);
			runOnlyForDeploymentPostprocessing = 0;
		};
/* End PBXResourcesBuildPhase section */

/* Begin PBXSourcesBuildPhase section */
		16F6916225E4B8C7001663E0 /* Sources */ = {
			isa = PBXSourcesBuildPhase;
			buildActionMask = 2147483647;
			files = (
				16F6916E25E4B8C7001663E0 /* ViewController.swift in Sources */,
				16F6916A25E4B8C7001663E0 /* AppDelegate.swift in Sources */,
				16F6917425E4B8C7001663E0 /* XChat.xcdatamodeld in Sources */,
				16F6916C25E4B8C7001663E0 /* SceneDelegate.swift in Sources */,
			);
			runOnlyForDeploymentPostprocessing = 0;
		};
		16F6917B25E4B8C9001663E0 /* Sources */ = {
			isa = PBXSourcesBuildPhase;
			buildActionMask = 2147483647;
			files = (
				16F6918425E4B8C9001663E0 /* XChatTests.swift in Sources */,
			);
			runOnlyForDeploymentPostprocessing = 0;
		};
		16F6918625E4B8C9001663E0 /* Sources */ = {
			isa = PBXSourcesBuildPhase;
			buildActionMask = 2147483647;
			files = (
				16F6918F25E4B8C9001663E0 /* XChatUITests.swift in Sources */,
			);
			runOnlyForDeploymentPostprocessing = 0;
		};
/* End PBXSourcesBuildPhase section */

/* Begin PBXTargetDependency section */
		16F6918125E4B8C9001663E0 /* PBXTargetDependency */ = {
			isa = PBXTargetDependency;
			target = 16F6916525E4B8C7001663E0 /* XChat */;
			targetProxy = 16F6918025E4B8C9001663E0 /* PBXContainerItemProxy */;
		};
		16F6918C25E4B8C9001663E0 /* PBXTargetDependency */ = {
			isa = PBXTargetDependency;
			target = 16F6916525E4B8C7001663E0 /* XChat */;
			targetProxy = 16F6918B25E4B8C9001663E0 /* PBXContainerItemProxy */;
		};
/* End PBXTargetDependency section */

/* Begin PBXVariantGroup section */
		16F6916F25E4B8C7001663E0 /* Main.storyboard */ = {
			isa = PBXVariantGroup;
			children = (
				16F6917025E4B8C7001663E0 /* Base */,
			);
			name = Main.storyboard;
			sourceTree = "<group>";
		};
		16F6917725E4B8C9001663E0 /* LaunchScreen.storyboard */ = {
			isa = PBXVariantGroup;
			children = (
				16F6917825E4B8C9001663E0 /* Base */,
			);
			name = LaunchScreen.storyboard;
			sourceTree = "<group>";
		};
/* End PBXVariantGroup section */

/* Begin XCBuildConfiguration section */
		16F6919125E4B8C9001663E0 /* Debug */ = {
			isa = XCBuildConfiguration;
			buildSettings = {
				ALWAYS_SEARCH_USER_PATHS = NO;
				CLANG_ANALYZER_NONNULL = YES;
				CLANG_ANALYZER_NUMBER_OBJECT_CONVERSION = YES_AGGRESSIVE;
				CLANG_CXX_LANGUAGE_STANDARD = "gnu++14";
				CLANG_CXX_LIBRARY = "libc++";
				CLANG_ENABLE_MODULES = YES;
				CLANG_ENABLE_OBJC_ARC = YES;
				CLANG_ENABLE_OBJC_WEAK = YES;
				CLANG_WARN_BLOCK_CAPTURE_AUTORELEASING = YES;
				CLANG_WARN_BOOL_CONVERSION = YES;
				CLANG_WARN_COMMA = YES;
				CLANG_WARN_CONSTANT_CONVERSION = YES;
				CLANG_WARN_DEPRECATED_OBJC_IMPLEMENTATIONS = YES;
				CLANG_WARN_DIRECT_OBJC_ISA_USAGE = YES_ERROR;
				CLANG_WARN_DOCUMENTATION_COMMENTS = YES;
				CLANG_WARN_EMPTY_BODY = YES;
				CLANG_WARN_ENUM_CONVERSION = YES;
				CLANG_WARN_INFINITE_RECURSION = YES;
				CLANG_WARN_INT_CONVERSION = YES;
				CLANG_WARN_NON_LITERAL_NULL_CONVERSION = YES;
				CLANG_WARN_OBJC_IMPLICIT_RETAIN_SELF = YES;
				CLANG_WARN_OBJC_LITERAL_CONVERSION = YES;
				CLANG_WARN_OBJC_ROOT_CLASS = YES_ERROR;
				CLANG_WARN_QUOTED_INCLUDE_IN_FRAMEWORK_HEADER = YES;
				CLANG_WARN_RANGE_LOOP_ANALYSIS = YES;
				CLANG_WARN_STRICT_PROTOTYPES = YES;
				CLANG_WARN_SUSPICIOUS_MOVE = YES;
				CLANG_WARN_UNGUARDED_AVAILABILITY = YES_AGGRESSIVE;
				CLANG_WARN_UNREACHABLE_CODE = YES;
				CLANG_WARN__DUPLICATE_METHOD_MATCH = YES;
				COPY_PHASE_STRIP = NO;
				DEBUG_INFORMATION_FORMAT = dwarf;
				ENABLE_STRICT_OBJC_MSGSEND = YES;
				ENABLE_TESTABILITY = YES;
				GCC_C_LANGUAGE_STANDARD = gnu11;
				GCC_DYNAMIC_NO_PIC = NO;
				GCC_NO_COMMON_BLOCKS = YES;
				GCC_OPTIMIZATION_LEVEL = 0;
				GCC_PREPROCESSOR_DEFINITIONS = (
					"DEBUG=1",
					"$(inherited)",
				);
				GCC_WARN_64_TO_32_BIT_CONVERSION = YES;
				GCC_WARN_ABOUT_RETURN_TYPE = YES_ERROR;
				GCC_WARN_UNDECLARED_SELECTOR = YES;
				GCC_WARN_UNINITIALIZED_AUTOS = YES_AGGRESSIVE;
				GCC_WARN_UNUSED_FUNCTION = YES;
				GCC_WARN_UNUSED_VARIABLE = YES;
				IPHONEOS_DEPLOYMENT_TARGET = 14.1;
				MTL_ENABLE_DEBUG_INFO = INCLUDE_SOURCE;
				MTL_FAST_MATH = YES;
				ONLY_ACTIVE_ARCH = YES;
				SDKROOT = iphoneos;
				SWIFT_ACTIVE_COMPILATION_CONDITIONS = DEBUG;
				SWIFT_OPTIMIZATION_LEVEL = "-Onone";
			};
			name = Debug;
		};
		16F6919225E4B8C9001663E0 /* Release */ = {
			isa = XCBuildConfiguration;
			buildSettings = {
				ALWAYS_SEARCH_USER_PATHS = NO;
				CLANG_ANALYZER_NONNULL = YES;
				CLANG_ANALYZER_NUMBER_OBJECT_CONVERSION = YES_AGGRESSIVE;
				CLANG_CXX_LANGUAGE_STANDARD = "gnu++14";
				CLANG_CXX_LIBRARY = "libc++";
				CLANG_ENABLE_MODULES = YES;
				CLANG_ENABLE_OBJC_ARC = YES;
				CLANG_ENABLE_OBJC_WEAK = YES;
				CLANG_WARN_BLOCK_CAPTURE_AUTORELEASING = YES;
				CLANG_WARN_BOOL_CONVERSION = YES;
				CLANG_WARN_COMMA = YES;
				CLANG_WARN_CONSTANT_CONVERSION = YES;
				CLANG_WARN_DEPRECATED_OBJC_IMPLEMENTATIONS = YES;
				CLANG_WARN_DIRECT_OBJC_ISA_USAGE = YES_ERROR;
				CLANG_WARN_DOCUMENTATION_COMMENTS = YES;
				CLANG_WARN_EMPTY_BODY = YES;
				CLANG_WARN_ENUM_CONVERSION = YES;
				CLANG_WARN_INFINITE_RECURSION = YES;
				CLANG_WARN_INT_CONVERSION = YES;
				CLANG_WARN_NON_LITERAL_NULL_CONVERSION = YES;
				CLANG_WARN_OBJC_IMPLICIT_RETAIN_SELF = YES;
				CLANG_WARN_OBJC_LITERAL_CONVERSION = YES;
				CLANG_WARN_OBJC_ROOT_CLASS = YES_ERROR;
				CLANG_WARN_QUOTED_INCLUDE_IN_FRAMEWORK_HEADER = YES;
				CLANG_WARN_RANGE_LOOP_ANALYSIS = YES;
				CLANG_WARN_STRICT_PROTOTYPES = YES;
				CLANG_WARN_SUSPICIOUS_MOVE = YES;
				CLANG_WARN_UNGUARDED_AVAILABILITY = YES_AGGRESSIVE;
				CLANG_WARN_UNREACHABLE_CODE = YES;
				CLANG_WARN__DUPLICATE_METHOD_MATCH = YES;
				COPY_PHASE_STRIP = NO;
				DEBUG_INFORMATION_FORMAT = "dwarf-with-dsym";
				ENABLE_NS_ASSERTIONS = NO;
				ENABLE_STRICT_OBJC_MSGSEND = YES;
				GCC_C_LANGUAGE_STANDARD = gnu11;
				GCC_NO_COMMON_BLOCKS = YES;
				GCC_WARN_64_TO_32_BIT_CONVERSION = YES;
				GCC_WARN_ABOUT_RETURN_TYPE = YES_ERROR;
				GCC_WARN_UNDECLARED_SELECTOR = YES;
				GCC_WARN_UNINITIALIZED_AUTOS = YES_AGGRESSIVE;
				GCC_WARN_UNUSED_FUNCTION = YES;
				GCC_WARN_UNUSED_VARIABLE = YES;
				IPHONEOS_DEPLOYMENT_TARGET = 14.1;
				MTL_ENABLE_DEBUG_INFO = NO;
				MTL_FAST_MATH = YES;
				SDKROOT = iphoneos;
				SWIFT_COMPILATION_MODE = wholemodule;
				SWIFT_OPTIMIZATION_LEVEL = "-O";
				VALIDATE_PRODUCT = YES;
			};
			name = Release;
		};
		16F6919425E4B8C9001663E0 /* Debug */ = {
			isa = XCBuildConfiguration;
			buildSettings = {
				ASSETCATALOG_COMPILER_APPICON_NAME = AppIcon;
				ASSETCATALOG_COMPILER_GLOBAL_ACCENT_COLOR_NAME = AccentColor;
				CODE_SIGN_STYLE = Automatic;
				DEVELOPMENT_TEAM = JR7MYSKR76;
				INFOPLIST_FILE = XChat/Info.plist;
				LD_RUNPATH_SEARCH_PATHS = (
					"$(inherited)",
					"@executable_path/Frameworks",
				);
				PRODUCT_BUNDLE_IDENTIFIER = com.MM.XChat;
				PRODUCT_NAME = "$(TARGET_NAME)";
				SWIFT_VERSION = 5.0;
				TARGETED_DEVICE_FAMILY = "1,2";
			};
			name = Debug;
		};
		16F6919525E4B8C9001663E0 /* Release */ = {
			isa = XCBuildConfiguration;
			buildSettings = {
				ASSETCATALOG_COMPILER_APPICON_NAME = AppIcon;
				ASSETCATALOG_COMPILER_GLOBAL_ACCENT_COLOR_NAME = AccentColor;
				CODE_SIGN_STYLE = Automatic;
				DEVELOPMENT_TEAM = JR7MYSKR76;
				INFOPLIST_FILE = XChat/Info.plist;
				LD_RUNPATH_SEARCH_PATHS = (
					"$(inherited)",
					"@executable_path/Frameworks",
				);
				PRODUCT_BUNDLE_IDENTIFIER = com.MM.XChat;
				PRODUCT_NAME = "$(TARGET_NAME)";
				SWIFT_VERSION = 5.0;
				TARGETED_DEVICE_FAMILY = "1,2";
			};
			name = Release;
		};
		16F6919725E4B8C9001663E0 /* Debug */ = {
			isa = XCBuildConfiguration;
			buildSettings = {
				ALWAYS_EMBED_SWIFT_STANDARD_LIBRARIES = YES;
				BUNDLE_LOADER = "$(TEST_HOST)";
				CODE_SIGN_STYLE = Automatic;
				DEVELOPMENT_TEAM = JR7MYSKR76;
				INFOPLIST_FILE = XChatTests/Info.plist;
				IPHONEOS_DEPLOYMENT_TARGET = 14.1;
				LD_RUNPATH_SEARCH_PATHS = (
					"$(inherited)",
					"@executable_path/Frameworks",
					"@loader_path/Frameworks",
				);
				PRODUCT_BUNDLE_IDENTIFIER = com.MM.XChatTests;
				PRODUCT_NAME = "$(TARGET_NAME)";
				SWIFT_VERSION = 5.0;
				TARGETED_DEVICE_FAMILY = "1,2";
				TEST_HOST = "$(BUILT_PRODUCTS_DIR)/XChat.app/XChat";
			};
			name = Debug;
		};
		16F6919825E4B8C9001663E0 /* Release */ = {
			isa = XCBuildConfiguration;
			buildSettings = {
				ALWAYS_EMBED_SWIFT_STANDARD_LIBRARIES = YES;
				BUNDLE_LOADER = "$(TEST_HOST)";
				CODE_SIGN_STYLE = Automatic;
				DEVELOPMENT_TEAM = JR7MYSKR76;
				INFOPLIST_FILE = XChatTests/Info.plist;
				IPHONEOS_DEPLOYMENT_TARGET = 14.1;
				LD_RUNPATH_SEARCH_PATHS = (
					"$(inherited)",
					"@executable_path/Frameworks",
					"@loader_path/Frameworks",
				);
				PRODUCT_BUNDLE_IDENTIFIER = com.MM.XChatTests;
				PRODUCT_NAME = "$(TARGET_NAME)";
				SWIFT_VERSION = 5.0;
				TARGETED_DEVICE_FAMILY = "1,2";
				TEST_HOST = "$(BUILT_PRODUCTS_DIR)/XChat.app/XChat";
			};
			name = Release;
		};
		16F6919A25E4B8C9001663E0 /* Debug */ = {
			isa = XCBuildConfiguration;
			buildSettings = {
				ALWAYS_EMBED_SWIFT_STANDARD_LIBRARIES = YES;
				CODE_SIGN_STYLE = Automatic;
				DEVELOPMENT_TEAM = JR7MYSKR76;
				INFOPLIST_FILE = XChatUITests/Info.plist;
				LD_RUNPATH_SEARCH_PATHS = (
					"$(inherited)",
					"@executable_path/Frameworks",
					"@loader_path/Frameworks",
				);
				PRODUCT_BUNDLE_IDENTIFIER = com.MM.XChatUITests;
				PRODUCT_NAME = "$(TARGET_NAME)";
				SWIFT_VERSION = 5.0;
				TARGETED_DEVICE_FAMILY = "1,2";
				TEST_TARGET_NAME = XChat;
			};
			name = Debug;
		};
		16F6919B25E4B8C9001663E0 /* Release */ = {
			isa = XCBuildConfiguration;
			buildSettings = {
				ALWAYS_EMBED_SWIFT_STANDARD_LIBRARIES = YES;
				CODE_SIGN_STYLE = Automatic;
				DEVELOPMENT_TEAM = JR7MYSKR76;
				INFOPLIST_FILE = XChatUITests/Info.plist;
				LD_RUNPATH_SEARCH_PATHS = (
					"$(inherited)",
					"@executable_path/Frameworks",
					"@loader_path/Frameworks",
				);
				PRODUCT_BUNDLE_IDENTIFIER = com.MM.XChatUITests;
				PRODUCT_NAME = "$(TARGET_NAME)";
				SWIFT_VERSION = 5.0;
				TARGETED_DEVICE_FAMILY = "1,2";
				TEST_TARGET_NAME = XChat;
			};
			name = Release;
		};
/* End XCBuildConfiguration section */

/* Begin XCConfigurationList section */
		16F6916125E4B8C7001663E0 /* Build configuration list for PBXProject "XChat" */ = {
			isa = XCConfigurationList;
			buildConfigurations = (
				16F6919125E4B8C9001663E0 /* Debug */,
				16F6919225E4B8C9001663E0 /* Release */,
			);
			defaultConfigurationIsVisible = 0;
			defaultConfigurationName = Release;
		};
		16F6919325E4B8C9001663E0 /* Build configuration list for PBXNativeTarget "XChat" */ = {
			isa = XCConfigurationList;
			buildConfigurations = (
				16F6919425E4B8C9001663E0 /* Debug */,
				16F6919525E4B8C9001663E0 /* Release */,
			);
			defaultConfigurationIsVisible = 0;
			defaultConfigurationName = Release;
		};
		16F6919625E4B8C9001663E0 /* Build configuration list for PBXNativeTarget "XChatTests" */ = {
			isa = XCConfigurationList;
			buildConfigurations = (
				16F6919725E4B8C9001663E0 /* Debug */,
				16F6919825E4B8C9001663E0 /* Release */,
			);
			defaultConfigurationIsVisible = 0;
			defaultConfigurationName = Release;
		};
		16F6919925E4B8C9001663E0 /* Build configuration list for PBXNativeTarget "XChatUITests" */ = {
			isa = XCConfigurationList;
			buildConfigurations = (
				16F6919A25E4B8C9001663E0 /* Debug */,
				16F6919B25E4B8C9001663E0 /* Release */,
			);
			defaultConfigurationIsVisible = 0;
			defaultConfigurationName = Release;
		};
/* End XCConfigurationList section */

/* Begin XCVersionGroup section */
		16F6917225E4B8C7001663E0 /* XChat.xcdatamodeld */ = {
			isa = XCVersionGroup;
			children = (
				16F6917325E4B8C7001663E0 /* XChat.xcdatamodel */,
			);
			currentVersion = 16F6917325E4B8C7001663E0 /* XChat.xcdatamodel */;
			path = XChat.xcdatamodeld;
			sourceTree = "<group>";
			versionGroupType = wrapper.xcdatamodel;
		};
/* End XCVersionGroup section */
	};
	rootObject = 16F6915E25E4B8C7001663E0 /* Project object */;
}
